
Microsoft Visual Studio Solution File, Format Version 12.00
# Visual Studio Version 16
VisualStudioVersion = 16.0.29806.167
MinimumVisualStudioVersion = 10.0.40219.1
Project("{8BC9CEB8-8B4A-11D0-8D11-00A0C91BC942}") = "Compilation_principle", "Compilation_principle.vcxproj", "{64572581-B414-4220-85B6-E00022D53DB2}"
EndProject
Global
	GlobalSection(SolutionConfigurationPlatforms) = preSolution
		Debug|x64 = Debug|x64
		Debug|x86 = Debug|x86
		Release|x64 = Release|x64
		Release|x86 = Release|x86
	EndGlobalSection
	GlobalSection(ProjectConfigurationPlatforms) = postSolution
		{64572581-B414-4220-85B6-E00022D53DB2}.Debug|x64.ActiveCfg = Debug|x64
		{64572581-B414-4220-85B6-E00022D53DB2}.Debug|x64.Build.0 = Debug|x64
		{64572581-B414-4220-85B6-E00022D53DB2}.Debug|x86.ActiveCfg = Debug|Win32
		{64572581-B414-4220-85B6-E00022D53DB2}.Debug|x86.Build.0 = Debug|Win32
		{64572581-B414-4220-85B6-E00022D53DB2}.Release|x64.ActiveCfg = Release|x64
		{64572581-B414-4220-85B6-E00022D53DB2}.Release|x64.Build.0 = Release|x64
		{64572581-B414-4220-85B6-E00022D53DB2}.Release|x86.ActiveCfg = Release|Win32
		{64572581-B414-4220-85B6-E00022D53DB2}.Release|x86.Build.0 = Release|Win32
	EndGlobalSection
	GlobalSection(SolutionProperties) = preSolution
		HideSolutionNode = FALSE
	EndGlobalSection
	GlobalSection(ExtensibilityGlobals) = postSolution
		SolutionGuid = {A9330031-1D0D-4519-90FB-0C73D2431441}
	EndGlobalSection
EndGlobal
